
Microsoft Visual Studio Solution File, Format Version 11.00
# Visual Studio 2010
Project("{FAE04EC0-301F-11D3-BF4B-00C04F79EFBC}") = "Assembly-CSharp", "Assembly-CSharp.csproj", "{47299291-c4b1-baf0-6b01-9225d894ffd2}"
EndProject
Project("{FAE04EC0-301F-11D3-BF4B-00C04F79EFBC}") = "Assembly-CSharp-firstpass", "Assembly-CSharp-firstpass.csproj", "{c95b526b-9253-4548-06bf-33991b0c526b}"
EndProject
Project("{FAE04EC0-301F-11D3-BF4B-00C04F79EFBC}") = "Assembly-CSharp-Editor-firstpass", "Assembly-CSharp-Editor-firstpass.csproj", "{76b9ed4b-4a13-3b77-de2a-e5340523179f}"
EndProject
Global
	GlobalSection(SolutionConfigurationPlatforms) = preSolution
		Debug|Any CPU = Debug|Any CPU
		Release|Any CPU = Release|Any CPU
	EndGlobalSection
	GlobalSection(ProjectConfigurationPlatforms) = postSolution
		{47299291-c4b1-baf0-6b01-9225d894ffd2}.Debug|Any CPU.ActiveCfg = Debug|Any CPU
		{47299291-c4b1-baf0-6b01-9225d894ffd2}.Debug|Any CPU.Build.0 = Debug|Any CPU
		{47299291-c4b1-baf0-6b01-9225d894ffd2}.Release|Any CPU.ActiveCfg = Release|Any CPU
		{47299291-c4b1-baf0-6b01-9225d894ffd2}.Release|Any CPU.Build.0 = Release|Any CPU
		{c95b526b-9253-4548-06bf-33991b0c526b}.Debug|Any CPU.ActiveCfg = Debug|Any CPU
		{c95b526b-9253-4548-06bf-33991b0c526b}.Debug|Any CPU.Build.0 = Debug|Any CPU
		{c95b526b-9253-4548-06bf-33991b0c526b}.Release|Any CPU.ActiveCfg = Release|Any CPU
		{c95b526b-9253-4548-06bf-33991b0c526b}.Release|Any CPU.Build.0 = Release|Any CPU
		{76b9ed4b-4a13-3b77-de2a-e5340523179f}.Debug|Any CPU.ActiveCfg = Debug|Any CPU
		{76b9ed4b-4a13-3b77-de2a-e5340523179f}.Debug|Any CPU.Build.0 = Debug|Any CPU
		{76b9ed4b-4a13-3b77-de2a-e5340523179f}.Release|Any CPU.ActiveCfg = Release|Any CPU
		{76b9ed4b-4a13-3b77-de2a-e5340523179f}.Release|Any CPU.Build.0 = Release|Any CPU
	EndGlobalSection
	GlobalSection(SolutionProperties) = preSolution
		HideSolutionNode = FALSE
	EndGlobalSection
EndGlobal
